
Microsoft Visual Studio Solution File, Format Version 12.00
# Visual Studio 2012
Project("{FAE04EC0-301F-11D3-BF4B-00C04F79EFBC}") = "PricesSimulator.Web", "PricesSimulator.Web\PricesSimulator.Web.csproj", "{1DF12598-995C-4956-9B80-0834F3368254}"
EndProject
Project("{FAE04EC0-301F-11D3-BF4B-00C04F79EFBC}") = "PricesSimulator.Business", "PricesSimulator.Business\PricesSimulator.Business.csproj", "{1FAB841D-57B8-474E-AFBD-9F707D332FCA}"
EndProject
Global
	GlobalSection(SolutionConfigurationPlatforms) = preSolution
		Debug|Any CPU = Debug|Any CPU
		Release|Any CPU = Release|Any CPU
	EndGlobalSection
	GlobalSection(ProjectConfigurationPlatforms) = postSolution
		{1DF12598-995C-4956-9B80-0834F3368254}.Debug|Any CPU.ActiveCfg = Debug|Any CPU
		{1DF12598-995C-4956-9B80-0834F3368254}.Debug|Any CPU.Build.0 = Debug|Any CPU
		{1DF12598-995C-4956-9B80-0834F3368254}.Release|Any CPU.ActiveCfg = Release|Any CPU
		{1DF12598-995C-4956-9B80-0834F3368254}.Release|Any CPU.Build.0 = Release|Any CPU
		{1FAB841D-57B8-474E-AFBD-9F707D332FCA}.Debug|Any CPU.ActiveCfg = Debug|Any CPU
		{1FAB841D-57B8-474E-AFBD-9F707D332FCA}.Debug|Any CPU.Build.0 = Debug|Any CPU
		{1FAB841D-57B8-474E-AFBD-9F707D332FCA}.Release|Any CPU.ActiveCfg = Release|Any CPU
		{1FAB841D-57B8-474E-AFBD-9F707D332FCA}.Release|Any CPU.Build.0 = Release|Any CPU
	EndGlobalSection
	GlobalSection(SolutionProperties) = preSolution
		HideSolutionNode = FALSE
	EndGlobalSection
EndGlobal
